
Microsoft Visual Studio Solution File, Format Version 12.00
Project("{FAE04EC0-301F-11D3-BF4B-00C04F79EFBC}") = "genshin", "genshin\genshin.csproj", "{3DB24D8E-422F-467A-857D-9EB76A970E70}"
EndProject
Project("{2150E333-8FDC-42A3-9474-1A3956D46DE8}") = "Solution Items", "Solution Items", "{4C0DC696-30E1-430F-92EC-8A838F0EFB5D}"
	ProjectSection(SolutionItems) = preProject
		compose.yaml = compose.yaml
	EndProjectSection
EndProject
Global
	GlobalSection(SolutionConfigurationPlatforms) = preSolution
		Debug|Any CPU = Debug|Any CPU
		Release|Any CPU = Release|Any CPU
	EndGlobalSection
	GlobalSection(ProjectConfigurationPlatforms) = postSolution
		{3DB24D8E-422F-467A-857D-9EB76A970E70}.Debug|Any CPU.ActiveCfg = Debug|Any CPU
		{3DB24D8E-422F-467A-857D-9EB76A970E70}.Debug|Any CPU.Build.0 = Debug|Any CPU
		{3DB24D8E-422F-467A-857D-9EB76A970E70}.Release|Any CPU.ActiveCfg = Release|Any CPU
		{3DB24D8E-422F-467A-857D-9EB76A970E70}.Release|Any CPU.Build.0 = Release|Any CPU
	EndGlobalSection
EndGlobal
